version = 1
requires-python = ">=3.13"

[[package]]
name = "boto3"
version = "1.36.17"
source = { registry = "https://pypi.org/simple" }
dependencies = [
    { name = "botocore" },
    { name = "jmespath" },
    { name = "s3transfer" },
]
sdist = { url = "https://files.pythonhosted.org/packages/10/21/906f0d797ab4678fadccf7d0dbc897fa3deca1c8e8e30f7932920345bf0a/boto3-1.36.17.tar.gz", hash = "sha256:5ecae20e780a3ce9afb3add532b61c466a8cb8960618e4fa565b3883064c1346", size = 110976 }
wheels = [
    { url = "https://files.pythonhosted.org/packages/f0/2d/b599c7cdeb774aa227ea602c7a3216127318add8f887b59352b899cc7576/boto3-1.36.17-py3-none-any.whl", hash = "sha256:59bcf0c4b04d9cc36f8b418ad17ab3c4a99a21a175d2fad7096aa21cbe84630b", size = 139178 },
]

[[package]]
name = "botocore"
version = "1.36.17"
source = { registry = "https://pypi.org/simple" }
dependencies = [
    { name = "jmespath" },
    { name = "python-dateutil" },
    { name = "urllib3" },
]
sdist = { url = "https://files.pythonhosted.org/packages/f8/42/76ed22d63f91eb8b7bf0a68f653b75a5a9909cac0616cd53797d6a8073be/botocore-1.36.17.tar.gz", hash = "sha256:cec13e0a7ce78e71aad0b397581b4e81824c7981ef4c261d2e296d200c399b09", size = 13514828 }
wheels = [
    { url = "https://files.pythonhosted.org/packages/fa/f1/dac56ef12a14fac9dd16dc20d99644d84d03b886ade1d9d21fb6b0ad05e9/botocore-1.36.17-py3-none-any.whl", hash = "sha256:069858b2fd693548035d7fd53a774e37e4260fea64e0ac9b8a3aee904f9321df", size = 13341585 },
]

[[package]]
name = "botocore-stubs"
version = "1.36.26"
source = { registry = "https://pypi.org/simple" }
dependencies = [
    { name = "types-awscrt" },
]
sdist = { url = "https://files.pythonhosted.org/packages/e9/16/009cd5a1f08e2948aad13bbc4dfb867ff1767a8ad78caae3e66d04919842/botocore_stubs-1.36.26.tar.gz", hash = "sha256:a6a989096c44f172a4e0a9714a6a7d3f12fa653bbb0395b7a71a5ce27e954091", size = 41278 }
wheels = [
    { url = "https://files.pythonhosted.org/packages/fe/7d/190d9519a907a68e89d7c92cb7bf8147f10974ae11ce822072af65d54c6d/botocore_stubs-1.36.26-py3-none-any.whl", hash = "sha256:7f755b92521a9897b2de931ebcf268e28b2a2837da21fa054f55ac428e2a07cd", size = 64109 },
]

[[package]]
name = "jmespath"
version = "1.0.1"
source = { registry = "https://pypi.org/simple" }
sdist = { url = "https://files.pythonhosted.org/packages/00/2a/e867e8531cf3e36b41201936b7fa7ba7b5702dbef42922193f05c8976cd6/jmespath-1.0.1.tar.gz", hash = "sha256:90261b206d6defd58fdd5e85f478bf633a2901798906be2ad389150c5c60edbe", size = 25843 }
wheels = [
    { url = "https://files.pythonhosted.org/packages/31/b4/b9b800c45527aadd64d5b442f9b932b00648617eb5d63d2c7a6587b7cafc/jmespath-1.0.1-py3-none-any.whl", hash = "sha256:02e2e4cc71b5bcab88332eebf907519190dd9e6e82107fa7f83b1003a6252980", size = 20256 },
]

[[package]]
name = "python-dateutil"
version = "2.9.0.post0"
source = { registry = "https://pypi.org/simple" }
dependencies = [
    { name = "six" },
]
sdist = { url = "https://files.pythonhosted.org/packages/66/c0/0c8b6ad9f17a802ee498c46e004a0eb49bc148f2fd230864601a86dcf6db/python-dateutil-2.9.0.post0.tar.gz", hash = "sha256:37dd54208da7e1cd875388217d5e00ebd4179249f90fb72437e91a35459a0ad3", size = 342432 }
wheels = [
    { url = "https://files.pythonhosted.org/packages/ec/57/56b9bcc3c9c6a792fcbaf139543cee77261f3651ca9da0c93f5c1221264b/python_dateutil-2.9.0.post0-py2.py3-none-any.whl", hash = "sha256:a8b2bc7bffae282281c8140a97d3aa9c14da0b136dfe83f850eea9a5f7470427", size = 229892 },
]

[[package]]
name = "pytmpl"
version = "0.1.0"
source = { virtual = "." }
dependencies = [
    { name = "boto3" },
]

[package.dev-dependencies]
dev = [
    { name = "types-boto3-custom" },
]

[package.metadata]
requires-dist = [{ name = "boto3", specifier = ">=1.36.17" }]

[package.metadata.requires-dev]
dev = [{ name = "types-boto3-custom", directory = "vendored/types_boto3_custom_package" }]

[[package]]
name = "s3transfer"
version = "0.11.2"
source = { registry = "https://pypi.org/simple" }
dependencies = [
    { name = "botocore" },
]
sdist = { url = "https://files.pythonhosted.org/packages/62/45/2323b5928f86fd29f9afdcef4659f68fa73eaa5356912b774227f5cf46b5/s3transfer-0.11.2.tar.gz", hash = "sha256:3b39185cb72f5acc77db1a58b6e25b977f28d20496b6e58d6813d75f464d632f", size = 147885 }
wheels = [
    { url = "https://files.pythonhosted.org/packages/1b/ac/e7dc469e49048dc57f62e0c555d2ee3117fa30813d2a1a2962cce3a2a82a/s3transfer-0.11.2-py3-none-any.whl", hash = "sha256:be6ecb39fadd986ef1701097771f87e4d2f821f27f6071c872143884d2950fbc", size = 84151 },
]

[[package]]
name = "six"
version = "1.17.0"
source = { registry = "https://pypi.org/simple" }
sdist = { url = "https://files.pythonhosted.org/packages/94/e7/b2c673351809dca68a0e064b6af791aa332cf192da575fd474ed7d6f16a2/six-1.17.0.tar.gz", hash = "sha256:ff70335d468e7eb6ec65b95b99d3a2836546063f63acc5171de367e834932a81", size = 34031 }
wheels = [
    { url = "https://files.pythonhosted.org/packages/b7/ce/149a00dd41f10bc29e5921b496af8b574d8413afcd5e30dfa0ed46c2cc5e/six-1.17.0-py2.py3-none-any.whl", hash = "sha256:4721f391ed90541fddacab5acf947aa0d3dc7d27b2e1e8eda2be8970586c3274", size = 11050 },
]

[[package]]
name = "types-awscrt"
version = "0.23.10"
source = { registry = "https://pypi.org/simple" }
sdist = { url = "https://files.pythonhosted.org/packages/a3/53/7c69677327794fe91cc89a1362400b78f00b1a20364384da1e004c259d42/types_awscrt-0.23.10.tar.gz", hash = "sha256:965659260599b421564204b895467684104a2c0311bbacfd3c2423b8b0d3f3e9", size = 15455 }
wheels = [
    { url = "https://files.pythonhosted.org/packages/89/ad/3d7c9a8b972048f3987355e3e48da56eb9f3ed8e151113c3c973b43ad91e/types_awscrt-0.23.10-py3-none-any.whl", hash = "sha256:7391bf502f6093221e68da8fb6a2af7ec67a98d376c58d5b76cc3938f449d121", size = 19426 },
]

[[package]]
name = "types-boto3-custom"
version = "1.36.26"
source = { directory = "vendored/types_boto3_custom_package" }
dependencies = [
    { name = "botocore-stubs" },
    { name = "types-s3transfer" },
]

[package.metadata]
requires-dist = [
    { name = "botocore-stubs" },
    { name = "types-s3transfer" },
    { name = "typing-extensions", marker = "python_full_version < '3.12'" },
]

[[package]]
name = "types-s3transfer"
version = "0.11.2"
source = { registry = "https://pypi.org/simple" }
sdist = { url = "https://files.pythonhosted.org/packages/56/a9/21967d4fc03bb7980b7af040642d67c4f1e5bf093dc7ff263d4f06020043/types_s3transfer-0.11.2.tar.gz", hash = "sha256:3ccb8b90b14434af2fb0d6c08500596d93f3a83fb804a2bb843d9bf4f7c2ca60", size = 14054 }
wheels = [
    { url = "https://files.pythonhosted.org/packages/17/12/0256488171e2947b20364638779891db45bf25af14e9a6bde50b2df65cd6/types_s3transfer-0.11.2-py3-none-any.whl", hash = "sha256:09c31cff8c79a433fcf703b840b66d1f694a6c70c410ef52015dd4fe07ee0ae2", size = 19486 },
]

[[package]]
name = "urllib3"
version = "2.3.0"
source = { registry = "https://pypi.org/simple" }
sdist = { url = "https://files.pythonhosted.org/packages/aa/63/e53da845320b757bf29ef6a9062f5c669fe997973f966045cb019c3f4b66/urllib3-2.3.0.tar.gz", hash = "sha256:f8c5449b3cf0861679ce7e0503c7b44b5ec981bec0d1d3795a07f1ba96f0204d", size = 307268 }
wheels = [
    { url = "https://files.pythonhosted.org/packages/c8/19/4ec628951a74043532ca2cf5d97b7b14863931476d117c471e8e2b1eb39f/urllib3-2.3.0-py3-none-any.whl", hash = "sha256:1cee9ad369867bfdbbb48b7dd50374c0967a0bb7710050facf0dd6911440e3df", size = 128369 },
]
